
Microsoft Visual Studio Solution File, Format Version 12.00
# Visual Studio Version 16
VisualStudioVersion = 16.0.31702.278
MinimumVisualStudioVersion = 10.0.40219.1
Project("{FAE04EC0-301F-11D3-BF4B-00C04F79EFBC}") = "Sirb_Andreea_Lab5", "Sirb_Andreea_Lab5.csproj", "{F5113789-431E-4A81-A9F6-22A3B863E79B}"
EndProject
Project("{FAE04EC0-301F-11D3-BF4B-00C04F79EFBC}") = "AutoLotModel", "AutoLotModel\AutoLotModel.csproj", "{B8BC1FBE-B4BC-4DC2-B63A-C3BC325BDBFF}"
EndProject
Global
	GlobalSection(SolutionConfigurationPlatforms) = preSolution
		Debug|Any CPU = Debug|Any CPU
		Release|Any CPU = Release|Any CPU
	EndGlobalSection
	GlobalSection(ProjectConfigurationPlatforms) = postSolution
		{F5113789-431E-4A81-A9F6-22A3B863E79B}.Debug|Any CPU.ActiveCfg = Debug|Any CPU
		{F5113789-431E-4A81-A9F6-22A3B863E79B}.Debug|Any CPU.Build.0 = Debug|Any CPU
		{F5113789-431E-4A81-A9F6-22A3B863E79B}.Release|Any CPU.ActiveCfg = Release|Any CPU
		{F5113789-431E-4A81-A9F6-22A3B863E79B}.Release|Any CPU.Build.0 = Release|Any CPU
		{B8BC1FBE-B4BC-4DC2-B63A-C3BC325BDBFF}.Debug|Any CPU.ActiveCfg = Debug|Any CPU
		{B8BC1FBE-B4BC-4DC2-B63A-C3BC325BDBFF}.Debug|Any CPU.Build.0 = Debug|Any CPU
		{B8BC1FBE-B4BC-4DC2-B63A-C3BC325BDBFF}.Release|Any CPU.ActiveCfg = Release|Any CPU
		{B8BC1FBE-B4BC-4DC2-B63A-C3BC325BDBFF}.Release|Any CPU.Build.0 = Release|Any CPU
	EndGlobalSection
	GlobalSection(SolutionProperties) = preSolution
		HideSolutionNode = FALSE
	EndGlobalSection
	GlobalSection(ExtensibilityGlobals) = postSolution
		SolutionGuid = {D37DE088-62EE-4752-BA3D-CF3F6D8986CD}
	EndGlobalSection
EndGlobal
